
Microsoft Visual Studio Solution File, Format Version 12.00
# Visual Studio Version 16
VisualStudioVersion = 16.0.30717.126
MinimumVisualStudioVersion = 10.0.40219.1
Project("{FAE04EC0-301F-11D3-BF4B-00C04F79EFBC}") = "XML1", "XML1.csproj", "{C7D4A0A2-5CE0-4A44-8F4B-F41F065262DF}"
EndProject
Global
	GlobalSection(SolutionConfigurationPlatforms) = preSolution
		Debug|Any CPU = Debug|Any CPU
		Release|Any CPU = Release|Any CPU
	EndGlobalSection
	GlobalSection(ProjectConfigurationPlatforms) = postSolution
		{C7D4A0A2-5CE0-4A44-8F4B-F41F065262DF}.Debug|Any CPU.ActiveCfg = Debug|Any CPU
		{C7D4A0A2-5CE0-4A44-8F4B-F41F065262DF}.Debug|Any CPU.Build.0 = Debug|Any CPU
		{C7D4A0A2-5CE0-4A44-8F4B-F41F065262DF}.Release|Any CPU.ActiveCfg = Release|Any CPU
		{C7D4A0A2-5CE0-4A44-8F4B-F41F065262DF}.Release|Any CPU.Build.0 = Release|Any CPU
	EndGlobalSection
	GlobalSection(SolutionProperties) = preSolution
		HideSolutionNode = FALSE
	EndGlobalSection
	GlobalSection(ExtensibilityGlobals) = postSolution
		SolutionGuid = {F6E04324-25BC-4990-A56D-25D9716CB8D4}
	EndGlobalSection
EndGlobal
